// !$*UTF8*$!
{
	archiveVersion = 1;
	classes = {
	};
	objectVersion = 46;
	objects = {

/* Begin PBXBuildFile section */
		831C042C165110FA00D48EE2 /* CMUDTemplateDataViewController.m in Sources */ = {isa = PBXBuildFile; fileRef = 831C042B165110FA00D48EE2 /* CMUDTemplateDataViewController.m */; };
		831C0DB9164E0D5000E317FE /* CMUDAppDelegate.m in Sources */ = {isa = PBXBuildFile; fileRef = 831C0DA9164E0D5000E317FE /* CMUDAppDelegate.m */; };
		831C0DBA164E0D5000E317FE /* CMUDDrawView.m in Sources */ = {isa = PBXBuildFile; fileRef = 831C0DAB164E0D5000E317FE /* CMUDDrawView.m */; };
		831C0DBB164E0D5000E317FE /* CMUDOptionsCell.m in Sources */ = {isa = PBXBuildFile; fileRef = 831C0DAD164E0D5000E317FE /* CMUDOptionsCell.m */; };
		831C0DBC164E0D5000E317FE /* CMUDOptionsViewController.m in Sources */ = {isa = PBXBuildFile; fileRef = 831C0DAF164E0D5000E317FE /* CMUDOptionsViewController.m */; };
		831C0DBD164E0D5000E317FE /* CMUDShared.m in Sources */ = {isa = PBXBuildFile; fileRef = 831C0DB1164E0D5000E317FE /* CMUDShared.m */; };
		831C0DBE164E0D5000E317FE /* CMUDStrokeTemplateView.m in Sources */ = {isa = PBXBuildFile; fileRef = 831C0DB3164E0D5000E317FE /* CMUDStrokeTemplateView.m */; };
		831C0DBF164E0D5000E317FE /* CMUDViewController.m in Sources */ = {isa = PBXBuildFile; fileRef = 831C0DB6164E0D5000E317FE /* CMUDViewController.m */; };
		831C0DC0164E0D5000E317FE /* main.m in Sources */ = {isa = PBXBuildFile; fileRef = 831C0DB8164E0D5000E317FE /* main.m */; };
		831C0DCB164E1FA000E317FE /* CMUDAddTemplateViewController.m in Sources */ = {isa = PBXBuildFile; fileRef = 831C0DCA164E1FA000E317FE /* CMUDAddTemplateViewController.m */; };
		831C0DCF164E233200E317FE /* QuartzCore.framework in Frameworks */ = {isa = PBXBuildFile; fileRef = 831C0DCE164E233200E317FE /* QuartzCore.framework */; };
		831C0DD2164F2F0000E317FE /* CMUDTemplatesTableViewController.m in Sources */ = {isa = PBXBuildFile; fileRef = 831C0DD1164F2F0000E317FE /* CMUDTemplatesTableViewController.m */; };
		831C0DD5164F9EC800E317FE /* CMUDTemplate.m in Sources */ = {isa = PBXBuildFile; fileRef = 831C0DD4164F9EC800E317FE /* CMUDTemplate.m */; };
		831C0DD816504D1100E317FE /* CMUDExportTemplatesViewController.m in Sources */ = {isa = PBXBuildFile; fileRef = 831C0DD716504D1100E317FE /* CMUDExportTemplatesViewController.m */; };
		837E28AB160EE14300017FFB /* UIKit.framework in Frameworks */ = {isa = PBXBuildFile; fileRef = 837E28AA160EE14300017FFB /* UIKit.framework */; };
		837E28AD160EE14300017FFB /* Foundation.framework in Frameworks */ = {isa = PBXBuildFile; fileRef = 837E28AC160EE14300017FFB /* Foundation.framework */; };
		837E28AF160EE14300017FFB /* CoreGraphics.framework in Frameworks */ = {isa = PBXBuildFile; fileRef = 837E28AE160EE14300017FFB /* CoreGraphics.framework */; };
		837E28B5160EE14300017FFB /* InfoPlist.strings in Resources */ = {isa = PBXBuildFile; fileRef = 837E28B3160EE14300017FFB /* InfoPlist.strings */; };
		837E28BD160EE14300017FFB /* Default.png in Resources */ = {isa = PBXBuildFile; fileRef = 837E28BC160EE14300017FFB /* Default.png */; };
		837E28BF160EE14300017FFB /* Default@2x.png in Resources */ = {isa = PBXBuildFile; fileRef = 837E28BE160EE14300017FFB /* Default@2x.png */; };
		837E28C1160EE14300017FFB /* Default-568h@2x.png in Resources */ = {isa = PBXBuildFile; fileRef = 837E28C0160EE14300017FFB /* Default-568h@2x.png */; };
		837E28C4160EE14300017FFB /* MainStoryboard_iPhone.storyboard in Resources */ = {isa = PBXBuildFile; fileRef = 837E28C2160EE14300017FFB /* MainStoryboard_iPhone.storyboard */; };
		837E28C7160EE14300017FFB /* MainStoryboard_iPad.storyboard in Resources */ = {isa = PBXBuildFile; fileRef = 837E28C5160EE14300017FFB /* MainStoryboard_iPad.storyboard */; };
		83CBA8D116214E7700183E63 /* libCMUnistrokeGestureRecognizer.a in Frameworks */ = {isa = PBXBuildFile; fileRef = 83CBA8CB16214E5000183E63 /* libCMUnistrokeGestureRecognizer.a */; };
/* End PBXBuildFile section */

/* Begin PBXContainerItemProxy section */
		83CBA8CA16214E5000183E63 /* PBXContainerItemProxy */ = {
			isa = PBXContainerItemProxy;
			containerPortal = 83CBA8C516214E5000183E63 /* CMUnistrokeGestureRecognizer.xcodeproj */;
			proxyType = 2;
			remoteGlobalIDString = 837E286D160EE03600017FFB;
			remoteInfo = CMUnistrokeGestureRecognizer;
		};
		83CBA8CC16214E5000183E63 /* PBXContainerItemProxy */ = {
			isa = PBXContainerItemProxy;
			containerPortal = 83CBA8C516214E5000183E63 /* CMUnistrokeGestureRecognizer.xcodeproj */;
			proxyType = 2;
			remoteGlobalIDString = 837E287E160EE03600017FFB;
			remoteInfo = CMUnistrokeGestureRecognizerTests;
		};
		83CBA8CF16214E7000183E63 /* PBXContainerItemProxy */ = {
			isa = PBXContainerItemProxy;
			containerPortal = 83CBA8C516214E5000183E63 /* CMUnistrokeGestureRecognizer.xcodeproj */;
			proxyType = 1;
			remoteGlobalIDString = 837E286C160EE03600017FFB;
			remoteInfo = CMUnistrokeGestureRecognizer;
		};
/* End PBXContainerItemProxy section */

/* Begin PBXFileReference section */
		831C042A165110FA00D48EE2 /* CMUDTemplateDataViewController.h */ = {isa = PBXFileReference; fileEncoding = 4; lastKnownFileType = sourcecode.c.h; path = CMUDTemplateDataViewController.h; sourceTree = "<group>"; };
		831C042B165110FA00D48EE2 /* CMUDTemplateDataViewController.m */ = {isa = PBXFileReference; fileEncoding = 4; lastKnownFileType = sourcecode.c.objc; path = CMUDTemplateDataViewController.m; sourceTree = "<group>"; };
		831C0DA8164E0D5000E317FE /* CMUDAppDelegate.h */ = {isa = PBXFileReference; fileEncoding = 4; lastKnownFileType = sourcecode.c.h; path = CMUDAppDelegate.h; sourceTree = "<group>"; };
		831C0DA9164E0D5000E317FE /* CMUDAppDelegate.m */ = {isa = PBXFileReference; fileEncoding = 4; lastKnownFileType = sourcecode.c.objc; path = CMUDAppDelegate.m; sourceTree = "<group>"; };
		831C0DAA164E0D5000E317FE /* CMUDDrawView.h */ = {isa = PBXFileReference; fileEncoding = 4; lastKnownFileType = sourcecode.c.h; path = CMUDDrawView.h; sourceTree = "<group>"; };
		831C0DAB164E0D5000E317FE /* CMUDDrawView.m */ = {isa = PBXFileReference; fileEncoding = 4; lastKnownFileType = sourcecode.c.objc; path = CMUDDrawView.m; sourceTree = "<group>"; };
		831C0DAC164E0D5000E317FE /* CMUDOptionsCell.h */ = {isa = PBXFileReference; fileEncoding = 4; lastKnownFileType = sourcecode.c.h; path = CMUDOptionsCell.h; sourceTree = "<group>"; };
		831C0DAD164E0D5000E317FE /* CMUDOptionsCell.m */ = {isa = PBXFileReference; fileEncoding = 4; lastKnownFileType = sourcecode.c.objc; path = CMUDOptionsCell.m; sourceTree = "<group>"; };
		831C0DAE164E0D5000E317FE /* CMUDOptionsViewController.h */ = {isa = PBXFileReference; fileEncoding = 4; lastKnownFileType = sourcecode.c.h; path = CMUDOptionsViewController.h; sourceTree = "<group>"; };
		831C0DAF164E0D5000E317FE /* CMUDOptionsViewController.m */ = {isa = PBXFileReference; fileEncoding = 4; lastKnownFileType = sourcecode.c.objc; path = CMUDOptionsViewController.m; sourceTree = "<group>"; };
		831C0DB0164E0D5000E317FE /* CMUDShared.h */ = {isa = PBXFileReference; fileEncoding = 4; lastKnownFileType = sourcecode.c.h; path = CMUDShared.h; sourceTree = "<group>"; };
		831C0DB1164E0D5000E317FE /* CMUDShared.m */ = {isa = PBXFileReference; fileEncoding = 4; lastKnownFileType = sourcecode.c.objc; path = CMUDShared.m; sourceTree = "<group>"; };
		831C0DB2164E0D5000E317FE /* CMUDStrokeTemplateView.h */ = {isa = PBXFileReference; fileEncoding = 4; lastKnownFileType = sourcecode.c.h; path = CMUDStrokeTemplateView.h; sourceTree = "<group>"; };
		831C0DB3164E0D5000E317FE /* CMUDStrokeTemplateView.m */ = {isa = PBXFileReference; fileEncoding = 4; lastKnownFileType = sourcecode.c.objc; path = CMUDStrokeTemplateView.m; sourceTree = "<group>"; };
		831C0DB4164E0D5000E317FE /* CMUDTemplatePaths.h */ = {isa = PBXFileReference; fileEncoding = 4; lastKnownFileType = sourcecode.c.h; path = CMUDTemplatePaths.h; sourceTree = "<group>"; };
		831C0DB5164E0D5000E317FE /* CMUDViewController.h */ = {isa = PBXFileReference; fileEncoding = 4; lastKnownFileType = sourcecode.c.h; path = CMUDViewController.h; sourceTree = "<group>"; };
		831C0DB6164E0D5000E317FE /* CMUDViewController.m */ = {isa = PBXFileReference; fileEncoding = 4; lastKnownFileType = sourcecode.c.objc; path = CMUDViewController.m; sourceTree = "<group>"; };
		831C0DB7164E0D5000E317FE /* CMUnistrokeDemo-Prefix.pch */ = {isa = PBXFileReference; fileEncoding = 4; lastKnownFileType = sourcecode.c.h; name = "CMUnistrokeDemo-Prefix.pch"; path = "src/CMUnistrokeDemo-Prefix.pch"; sourceTree = "<group>"; };
		831C0DB8164E0D5000E317FE /* main.m */ = {isa = PBXFileReference; fileEncoding = 4; lastKnownFileType = sourcecode.c.objc; name = main.m; path = src/main.m; sourceTree = "<group>"; };
		831C0DC9164E1FA000E317FE /* CMUDAddTemplateViewController.h */ = {isa = PBXFileReference; fileEncoding = 4; lastKnownFileType = sourcecode.c.h; path = CMUDAddTemplateViewController.h; sourceTree = "<group>"; };
		831C0DCA164E1FA000E317FE /* CMUDAddTemplateViewController.m */ = {isa = PBXFileReference; fileEncoding = 4; lastKnownFileType = sourcecode.c.objc; path = CMUDAddTemplateViewController.m; sourceTree = "<group>"; };
		831C0DCE164E233200E317FE /* QuartzCore.framework */ = {isa = PBXFileReference; lastKnownFileType = wrapper.framework; name = QuartzCore.framework; path = System/Library/Frameworks/QuartzCore.framework; sourceTree = SDKROOT; };
		831C0DD0164F2F0000E317FE /* CMUDTemplatesTableViewController.h */ = {isa = PBXFileReference; fileEncoding = 4; lastKnownFileType = sourcecode.c.h; path = CMUDTemplatesTableViewController.h; sourceTree = "<group>"; };
		831C0DD1164F2F0000E317FE /* CMUDTemplatesTableViewController.m */ = {isa = PBXFileReference; fileEncoding = 4; lastKnownFileType = sourcecode.c.objc; path = CMUDTemplatesTableViewController.m; sourceTree = "<group>"; };
		831C0DD3164F9EC800E317FE /* CMUDTemplate.h */ = {isa = PBXFileReference; fileEncoding = 4; lastKnownFileType = sourcecode.c.h; path = CMUDTemplate.h; sourceTree = "<group>"; };
		831C0DD4164F9EC800E317FE /* CMUDTemplate.m */ = {isa = PBXFileReference; fileEncoding = 4; lastKnownFileType = sourcecode.c.objc; path = CMUDTemplate.m; sourceTree = "<group>"; };
		831C0DD616504D1100E317FE /* CMUDExportTemplatesViewController.h */ = {isa = PBXFileReference; fileEncoding = 4; lastKnownFileType = sourcecode.c.h; path = CMUDExportTemplatesViewController.h; sourceTree = "<group>"; };
		831C0DD716504D1100E317FE /* CMUDExportTemplatesViewController.m */ = {isa = PBXFileReference; fileEncoding = 4; lastKnownFileType = sourcecode.c.objc; path = CMUDExportTemplatesViewController.m; sourceTree = "<group>"; };
		83787194163B6C69002A9A6F /* LICENSE.txt */ = {isa = PBXFileReference; lastKnownFileType = text; path = LICENSE.txt; sourceTree = "<group>"; };
		837E28A6160EE14300017FFB /* CMUnistrokeDemo.app */ = {isa = PBXFileReference; explicitFileType = wrapper.application; includeInIndex = 0; path = CMUnistrokeDemo.app; sourceTree = BUILT_PRODUCTS_DIR; };
		837E28AA160EE14300017FFB /* UIKit.framework */ = {isa = PBXFileReference; lastKnownFileType = wrapper.framework; name = UIKit.framework; path = System/Library/Frameworks/UIKit.framework; sourceTree = SDKROOT; };
		837E28AC160EE14300017FFB /* Foundation.framework */ = {isa = PBXFileReference; lastKnownFileType = wrapper.framework; name = Foundation.framework; path = System/Library/Frameworks/Foundation.framework; sourceTree = SDKROOT; };
		837E28AE160EE14300017FFB /* CoreGraphics.framework */ = {isa = PBXFileReference; lastKnownFileType = wrapper.framework; name = CoreGraphics.framework; path = System/Library/Frameworks/CoreGraphics.framework; sourceTree = SDKROOT; };
		837E28B2160EE14300017FFB /* CMUnistrokeDemo-Info.plist */ = {isa = PBXFileReference; lastKnownFileType = text.plist.xml; path = "CMUnistrokeDemo-Info.plist"; sourceTree = "<group>"; };
		837E28B4160EE14300017FFB /* en */ = {isa = PBXFileReference; lastKnownFileType = text.plist.strings; name = en; path = en.lproj/InfoPlist.strings; sourceTree = "<group>"; };
		837E28BC160EE14300017FFB /* Default.png */ = {isa = PBXFileReference; lastKnownFileType = image.png; path = Default.png; sourceTree = "<group>"; };
		837E28BE160EE14300017FFB /* Default@2x.png */ = {isa = PBXFileReference; lastKnownFileType = image.png; path = "Default@2x.png"; sourceTree = "<group>"; };
		837E28C0160EE14300017FFB /* Default-568h@2x.png */ = {isa = PBXFileReference; lastKnownFileType = image.png; path = "Default-568h@2x.png"; sourceTree = "<group>"; };
		837E28C3160EE14300017FFB /* en */ = {isa = PBXFileReference; lastKnownFileType = file.storyboard; name = en; path = en.lproj/MainStoryboard_iPhone.storyboard; sourceTree = "<group>"; };
		837E28C6160EE14300017FFB /* en */ = {isa = PBXFileReference; lastKnownFileType = file.storyboard; name = en; path = en.lproj/MainStoryboard_iPad.storyboard; sourceTree = "<group>"; };
		837E28DA160EE27F00017FFB /* libCMUnistrokeGestureRecognizer.a */ = {isa = PBXFileReference; lastKnownFileType = archive.ar; name = libCMUnistrokeGestureRecognizer.a; path = "../CMUnistrokeGestureRecognizer/build/Release-iphoneos/libCMUnistrokeGestureRecognizer.a"; sourceTree = "<group>"; };
		83CBA8C516214E5000183E63 /* CMUnistrokeGestureRecognizer.xcodeproj */ = {isa = PBXFileReference; lastKnownFileType = "wrapper.pb-project"; name = CMUnistrokeGestureRecognizer.xcodeproj; path = ../CMUnistrokeGestureRecognizer/CMUnistrokeGestureRecognizer.xcodeproj; sourceTree = "<group>"; };
/* End PBXFileReference section */

/* Begin PBXFrameworksBuildPhase section */
		837E28A3160EE14300017FFB /* Frameworks */ = {
			isa = PBXFrameworksBuildPhase;
			buildActionMask = 2147483647;
			files = (
				831C0DCF164E233200E317FE /* QuartzCore.framework in Frameworks */,
				83CBA8D116214E7700183E63 /* libCMUnistrokeGestureRecognizer.a in Frameworks */,
				837E28AB160EE14300017FFB /* UIKit.framework in Frameworks */,
				837E28AD160EE14300017FFB /* Foundation.framework in Frameworks */,
				837E28AF160EE14300017FFB /* CoreGraphics.framework in Frameworks */,
			);
			runOnlyForDeploymentPostprocessing = 0;
		};
/* End PBXFrameworksBuildPhase section */

/* Begin PBXGroup section */
		831C0DA6164E0D2600E317FE /* Storyboards */ = {
			isa = PBXGroup;
			children = (
				837E28C2160EE14300017FFB /* MainStoryboard_iPhone.storyboard */,
				837E28C5160EE14300017FFB /* MainStoryboard_iPad.storyboard */,
			);
			name = Storyboards;
			sourceTree = "<group>";
		};
		831C0DA7164E0D5000E317FE /* src */ = {
			isa = PBXGroup;
			children = (
				83E4C683167142BE00B4CB7A /* App Delegate */,
				83E4C685167142FC00B4CB7A /* Export */,
				83E4C684167142CC00B4CB7A /* Options */,
				83E4C6871671434500B4CB7A /* Shared */,
				83E4C6861671432800B4CB7A /* Template Addition */,
				83E4C688167143D000B4CB7A /* Templates */,
				831C0DAA164E0D5000E317FE /* CMUDDrawView.h */,
				831C0DAB164E0D5000E317FE /* CMUDDrawView.m */,
				831C0DB5164E0D5000E317FE /* CMUDViewController.h */,
				831C0DB6164E0D5000E317FE /* CMUDViewController.m */,
			);
			path = src;
			sourceTree = "<group>";
		};
		837E289B160EE14300017FFB = {
			isa = PBXGroup;
			children = (
				837E28B0160EE14300017FFB /* CMUnistrokeDemo */,
				83CBA8CE16214E5B00183E63 /* Dependencies */,
				837E28A9160EE14300017FFB /* Frameworks */,
				837E28A7160EE14300017FFB /* Products */,
				83787194163B6C69002A9A6F /* LICENSE.txt */,
			);
			sourceTree = "<group>";
		};
		837E28A7160EE14300017FFB /* Products */ = {
			isa = PBXGroup;
			children = (
				837E28A6160EE14300017FFB /* CMUnistrokeDemo.app */,
			);
			name = Products;
			sourceTree = "<group>";
		};
		837E28A9160EE14300017FFB /* Frameworks */ = {
			isa = PBXGroup;
			children = (
				837E28AE160EE14300017FFB /* CoreGraphics.framework */,
				837E28AC160EE14300017FFB /* Foundation.framework */,
				837E28DA160EE27F00017FFB /* libCMUnistrokeGestureRecognizer.a */,
				831C0DCE164E233200E317FE /* QuartzCore.framework */,
				837E28AA160EE14300017FFB /* UIKit.framework */,
			);
			name = Frameworks;
			sourceTree = "<group>";
		};
		837E28B0160EE14300017FFB /* CMUnistrokeDemo */ = {
			isa = PBXGroup;
			children = (
				831C0DA7164E0D5000E317FE /* src */,
				831C0DA6164E0D2600E317FE /* Storyboards */,
				837E28B1160EE14300017FFB /* Supporting Files */,
			);
			path = CMUnistrokeDemo;
			sourceTree = "<group>";
		};
		837E28B1160EE14300017FFB /* Supporting Files */ = {
			isa = PBXGroup;
			children = (
				837E28B2160EE14300017FFB /* CMUnistrokeDemo-Info.plist */,
				831C0DB7164E0D5000E317FE /* CMUnistrokeDemo-Prefix.pch */,
				837E28C0160EE14300017FFB /* Default-568h@2x.png */,
				837E28BC160EE14300017FFB /* Default.png */,
				837E28BE160EE14300017FFB /* Default@2x.png */,
				837E28B3160EE14300017FFB /* InfoPlist.strings */,
				831C0DB8164E0D5000E317FE /* main.m */,
			);
			name = "Supporting Files";
			sourceTree = "<group>";
		};
		83CBA8C616214E5000183E63 /* Products */ = {
			isa = PBXGroup;
			children = (
				83CBA8CB16214E5000183E63 /* libCMUnistrokeGestureRecognizer.a */,
				83CBA8CD16214E5000183E63 /* CMUnistrokeGestureRecognizerTests.octest */,
			);
			name = Products;
			sourceTree = "<group>";
		};
		83CBA8CE16214E5B00183E63 /* Dependencies */ = {
			isa = PBXGroup;
			children = (
				83CBA8C516214E5000183E63 /* CMUnistrokeGestureRecognizer.xcodeproj */,
			);
			name = Dependencies;
			sourceTree = "<group>";
		};
		83E4C683167142BE00B4CB7A /* App Delegate */ = {
			isa = PBXGroup;
			children = (
				831C0DA8164E0D5000E317FE /* CMUDAppDelegate.h */,
				831C0DA9164E0D5000E317FE /* CMUDAppDelegate.m */,
			);
			name = "App Delegate";
			sourceTree = "<group>";
		};
		83E4C684167142CC00B4CB7A /* Options */ = {
			isa = PBXGroup;
			children = (
				831C0DAC164E0D5000E317FE /* CMUDOptionsCell.h */,
				831C0DAD164E0D5000E317FE /* CMUDOptionsCell.m */,
				831C0DAE164E0D5000E317FE /* CMUDOptionsViewController.h */,
				831C0DAF164E0D5000E317FE /* CMUDOptionsViewController.m */,
			);
			name = Options;
			sourceTree = "<group>";
		};
		83E4C685167142FC00B4CB7A /* Export */ = {
			isa = PBXGroup;
			children = (
				831C0DD616504D1100E317FE /* CMUDExportTemplatesViewController.h */,
				831C0DD716504D1100E317FE /* CMUDExportTemplatesViewController.m */,
				831C0DB2164E0D5000E317FE /* CMUDStrokeTemplateView.h */,
				831C0DB3164E0D5000E317FE /* CMUDStrokeTemplateView.m */,
				831C042A165110FA00D48EE2 /* CMUDTemplateDataViewController.h */,
				831C042B165110FA00D48EE2 /* CMUDTemplateDataViewController.m */,
			);
			name = Export;
			sourceTree = "<group>";
		};
		83E4C6861671432800B4CB7A /* Template Addition */ = {
			isa = PBXGroup;
			children = (
				831C0DC9164E1FA000E317FE /* CMUDAddTemplateViewController.h */,
				831C0DCA164E1FA000E317FE /* CMUDAddTemplateViewController.m */,
			);
			name = "Template Addition";
			sourceTree = "<group>";
		};
		83E4C6871671434500B4CB7A /* Shared */ = {
			isa = PBXGroup;
			children = (
				831C0DB0164E0D5000E317FE /* CMUDShared.h */,
				831C0DB1164E0D5000E317FE /* CMUDShared.m */,
			);
			name = Shared;
			sourceTree = "<group>";
		};
		83E4C688167143D000B4CB7A /* Templates */ = {
			isa = PBXGroup;
			children = (
				831C0DD3164F9EC800E317FE /* CMUDTemplate.h */,
				831C0DD4164F9EC800E317FE /* CMUDTemplate.m */,
				831C0DB4164E0D5000E317FE /* CMUDTemplatePaths.h */,
				831C0DD0164F2F0000E317FE /* CMUDTemplatesTableViewController.h */,
				831C0DD1164F2F0000E317FE /* CMUDTemplatesTableViewController.m */,
			);
			name = Templates;
			sourceTree = "<group>";
		};
/* End PBXGroup section */

/* Begin PBXNativeTarget section */
		837E28A5160EE14300017FFB /* CMUnistrokeDemo */ = {
			isa = PBXNativeTarget;
			buildConfigurationList = 837E28CD160EE14300017FFB /* Build configuration list for PBXNativeTarget "CMUnistrokeDemo" */;
			buildPhases = (
				837E28A2160EE14300017FFB /* Sources */,
				837E28A3160EE14300017FFB /* Frameworks */,
				837E28A4160EE14300017FFB /* Resources */,
			);
			buildRules = (
			);
			dependencies = (
				83CBA8D016214E7000183E63 /* PBXTargetDependency */,
			);
			name = CMUnistrokeDemo;
			productName = CMUnistrokeDemo;
			productReference = 837E28A6160EE14300017FFB /* CMUnistrokeDemo.app */;
			productType = "com.apple.product-type.application";
		};
/* End PBXNativeTarget section */

/* Begin PBXProject section */
		837E289D160EE14300017FFB /* Project object */ = {
			isa = PBXProject;
			attributes = {
				CLASSPREFIX = CMUD;
				LastUpgradeCheck = 0460;
				ORGANIZATIONNAME = "Chris Miles";
			};
			buildConfigurationList = 837E28A0160EE14300017FFB /* Build configuration list for PBXProject "CMUnistrokeDemo" */;
			compatibilityVersion = "Xcode 3.2";
			developmentRegion = English;
			hasScannedForEncodings = 0;
			knownRegions = (
				en,
			);
			mainGroup = 837E289B160EE14300017FFB;
			productRefGroup = 837E28A7160EE14300017FFB /* Products */;
			projectDirPath = "";
			projectReferences = (
				{
					ProductGroup = 83CBA8C616214E5000183E63 /* Products */;
					ProjectRef = 83CBA8C516214E5000183E63 /* CMUnistrokeGestureRecognizer.xcodeproj */;
				},
			);
			projectRoot = "";
			targets = (
				837E28A5160EE14300017FFB /* CMUnistrokeDemo */,
			);
		};
/* End PBXProject section */

/* Begin PBXReferenceProxy section */
		83CBA8CB16214E5000183E63 /* libCMUnistrokeGestureRecognizer.a */ = {
			isa = PBXReferenceProxy;
			fileType = archive.ar;
			path = libCMUnistrokeGestureRecognizer.a;
			remoteRef = 83CBA8CA16214E5000183E63 /* PBXContainerItemProxy */;
			sourceTree = BUILT_PRODUCTS_DIR;
		};
		83CBA8CD16214E5000183E63 /* CMUnistrokeGestureRecognizerTests.octest */ = {
			isa = PBXReferenceProxy;
			fileType = wrapper.cfbundle;
			path = CMUnistrokeGestureRecognizerTests.octest;
			remoteRef = 83CBA8CC16214E5000183E63 /* PBXContainerItemProxy */;
			sourceTree = BUILT_PRODUCTS_DIR;
		};
/* End PBXReferenceProxy section */

/* Begin PBXResourcesBuildPhase section */
		837E28A4160EE14300017FFB /* Resources */ = {
			isa = PBXResourcesBuildPhase;
			buildActionMask = 2147483647;
			files = (
				837E28B5160EE14300017FFB /* InfoPlist.strings in Resources */,
				837E28BD160EE14300017FFB /* Default.png in Resources */,
				837E28BF160EE14300017FFB /* Default@2x.png in Resources */,
				837E28C1160EE14300017FFB /* Default-568h@2x.png in Resources */,
				837E28C4160EE14300017FFB /* MainStoryboard_iPhone.storyboard in Resources */,
				837E28C7160EE14300017FFB /* MainStoryboard_iPad.storyboard in Resources */,
			);
			runOnlyForDeploymentPostprocessing = 0;
		};
/* End PBXResourcesBuildPhase section */

/* Begin PBXSourcesBuildPhase section */
		837E28A2160EE14300017FFB /* Sources */ = {
			isa = PBXSourcesBuildPhase;
			buildActionMask = 2147483647;
			files = (
				831C0DB9164E0D5000E317FE /* CMUDAppDelegate.m in Sources */,
				831C0DBA164E0D5000E317FE /* CMUDDrawView.m in Sources */,
				831C0DBB164E0D5000E317FE /* CMUDOptionsCell.m in Sources */,
				831C0DBC164E0D5000E317FE /* CMUDOptionsViewController.m in Sources */,
				831C0DBD164E0D5000E317FE /* CMUDShared.m in Sources */,
				831C0DBE164E0D5000E317FE /* CMUDStrokeTemplateView.m in Sources */,
				831C0DBF164E0D5000E317FE /* CMUDViewController.m in Sources */,
				831C0DC0164E0D5000E317FE /* main.m in Sources */,
				831C0DCB164E1FA000E317FE /* CMUDAddTemplateViewController.m in Sources */,
				831C0DD2164F2F0000E317FE /* CMUDTemplatesTableViewController.m in Sources */,
				831C0DD5164F9EC800E317FE /* CMUDTemplate.m in Sources */,
				831C0DD816504D1100E317FE /* CMUDExportTemplatesViewController.m in Sources */,
				831C042C165110FA00D48EE2 /* CMUDTemplateDataViewController.m in Sources */,
			);
			runOnlyForDeploymentPostprocessing = 0;
		};
/* End PBXSourcesBuildPhase section */

/* Begin PBXTargetDependency section */
		83CBA8D016214E7000183E63 /* PBXTargetDependency */ = {
			isa = PBXTargetDependency;
			name = CMUnistrokeGestureRecognizer;
			targetProxy = 83CBA8CF16214E7000183E63 /* PBXContainerItemProxy */;
		};
/* End PBXTargetDependency section */

/* Begin PBXVariantGroup section */
		837E28B3160EE14300017FFB /* InfoPlist.strings */ = {
			isa = PBXVariantGroup;
			children = (
				837E28B4160EE14300017FFB /* en */,
			);
			name = InfoPlist.strings;
			sourceTree = "<group>";
		};
		837E28C2160EE14300017FFB /* MainStoryboard_iPhone.storyboard */ = {
			isa = PBXVariantGroup;
			children = (
				837E28C3160EE14300017FFB /* en */,
			);
			name = MainStoryboard_iPhone.storyboard;
			sourceTree = "<group>";
		};
		837E28C5160EE14300017FFB /* MainStoryboard_iPad.storyboard */ = {
			isa = PBXVariantGroup;
			children = (
				837E28C6160EE14300017FFB /* en */,
			);
			name = MainStoryboard_iPad.storyboard;
			sourceTree = "<group>";
		};
/* End PBXVariantGroup section */

/* Begin XCBuildConfiguration section */
		837E28CB160EE14300017FFB /* Debug */ = {
			isa = XCBuildConfiguration;
			buildSettings = {
				ALWAYS_SEARCH_USER_PATHS = NO;
				CLANG_CXX_LANGUAGE_STANDARD = "gnu++0x";
				CLANG_CXX_LIBRARY = "libc++";
				CLANG_ENABLE_OBJC_ARC = YES;
				CLANG_WARN_DEPRECATED_OBJC_IMPLEMENTATIONS = YES;
				CLANG_WARN_EMPTY_BODY = YES;
				CLANG_WARN_IMPLICIT_SIGN_CONVERSION = YES;
				CLANG_WARN_OBJC_IMPLICIT_ATOMIC_PROPERTIES = YES;
				CLANG_WARN_SUSPICIOUS_IMPLICIT_CONVERSION = YES;
				CLANG_WARN__DUPLICATE_METHOD_MATCH = YES;
				"CODE_SIGN_IDENTITY[sdk=iphoneos*]" = "iPhone Developer";
				COPY_PHASE_STRIP = NO;
				GCC_C_LANGUAGE_STANDARD = gnu99;
				GCC_DYNAMIC_NO_PIC = NO;
				GCC_OPTIMIZATION_LEVEL = 0;
				GCC_PREPROCESSOR_DEFINITIONS = (
					"DEBUG=1",
					"$(inherited)",
				);
				GCC_SYMBOLS_PRIVATE_EXTERN = NO;
				GCC_TREAT_IMPLICIT_FUNCTION_DECLARATIONS_AS_ERRORS = YES;
				GCC_TREAT_INCOMPATIBLE_POINTER_TYPE_WARNINGS_AS_ERRORS = YES;
				GCC_TREAT_WARNINGS_AS_ERRORS = YES;
				GCC_WARN_64_TO_32_BIT_CONVERSION = YES;
				GCC_WARN_ABOUT_MISSING_FIELD_INITIALIZERS = YES;
				GCC_WARN_ABOUT_MISSING_NEWLINE = YES;
				GCC_WARN_ABOUT_MISSING_PROTOTYPES = YES;
				GCC_WARN_ABOUT_RETURN_TYPE = YES;
				GCC_WARN_FOUR_CHARACTER_CONSTANTS = YES;
				GCC_WARN_INITIALIZER_NOT_FULLY_BRACKETED = YES;
				GCC_WARN_MULTIPLE_DEFINITION_TYPES_FOR_SELECTOR = YES;
				GCC_WARN_SHADOW = YES;
				GCC_WARN_SIGN_COMPARE = YES;
				GCC_WARN_STRICT_SELECTOR_MATCH = YES;
				GCC_WARN_UNINITIALIZED_AUTOS = YES;
				GCC_WARN_UNKNOWN_PRAGMAS = YES;
				GCC_WARN_UNUSED_FUNCTION = YES;
				GCC_WARN_UNUSED_LABEL = YES;
				GCC_WARN_UNUSED_PARAMETER = YES;
				GCC_WARN_UNUSED_VARIABLE = YES;
				IPHONEOS_DEPLOYMENT_TARGET = 5.0;
				RUN_CLANG_STATIC_ANALYZER = YES;
				SDKROOT = iphoneos;
				TARGETED_DEVICE_FAMILY = "1,2";
				WARNING_CFLAGS = "-Wselector";
			};
			name = Debug;
		};
		837E28CC160EE14300017FFB /* Release */ = {
			isa = XCBuildConfiguration;
			buildSettings = {
				ALWAYS_SEARCH_USER_PATHS = NO;
				CLANG_CXX_LANGUAGE_STANDARD = "gnu++0x";
				CLANG_CXX_LIBRARY = "libc++";
				CLANG_ENABLE_OBJC_ARC = YES;
				CLANG_WARN_DEPRECATED_OBJC_IMPLEMENTATIONS = YES;
				CLANG_WARN_EMPTY_BODY = YES;
				CLANG_WARN_IMPLICIT_SIGN_CONVERSION = YES;
				CLANG_WARN_OBJC_IMPLICIT_ATOMIC_PROPERTIES = YES;
				CLANG_WARN_SUSPICIOUS_IMPLICIT_CONVERSION = YES;
				CLANG_WARN__DUPLICATE_METHOD_MATCH = YES;
				"CODE_SIGN_IDENTITY[sdk=iphoneos*]" = "iPhone Developer";
				COPY_PHASE_STRIP = YES;
				GCC_C_LANGUAGE_STANDARD = gnu99;
				GCC_TREAT_IMPLICIT_FUNCTION_DECLARATIONS_AS_ERRORS = YES;
				GCC_TREAT_INCOMPATIBLE_POINTER_TYPE_WARNINGS_AS_ERRORS = YES;
				GCC_TREAT_WARNINGS_AS_ERRORS = YES;
				GCC_WARN_64_TO_32_BIT_CONVERSION = YES;
				GCC_WARN_ABOUT_MISSING_FIELD_INITIALIZERS = YES;
				GCC_WARN_ABOUT_MISSING_NEWLINE = YES;
				GCC_WARN_ABOUT_MISSING_PROTOTYPES = YES;
				GCC_WARN_ABOUT_RETURN_TYPE = YES;
				GCC_WARN_FOUR_CHARACTER_CONSTANTS = YES;
				GCC_WARN_INITIALIZER_NOT_FULLY_BRACKETED = YES;
				GCC_WARN_MULTIPLE_DEFINITION_TYPES_FOR_SELECTOR = YES;
				GCC_WARN_SHADOW = YES;
				GCC_WARN_SIGN_COMPARE = YES;
				GCC_WARN_STRICT_SELECTOR_MATCH = YES;
				GCC_WARN_UNINITIALIZED_AUTOS = YES;
				GCC_WARN_UNKNOWN_PRAGMAS = YES;
				GCC_WARN_UNUSED_FUNCTION = YES;
				GCC_WARN_UNUSED_LABEL = YES;
				GCC_WARN_UNUSED_PARAMETER = YES;
				GCC_WARN_UNUSED_VARIABLE = YES;
				IPHONEOS_DEPLOYMENT_TARGET = 5.0;
				OTHER_CFLAGS = "-DNS_BLOCK_ASSERTIONS=1";
				RUN_CLANG_STATIC_ANALYZER = YES;
				SDKROOT = iphoneos;
				TARGETED_DEVICE_FAMILY = "1,2";
				VALIDATE_PRODUCT = YES;
				WARNING_CFLAGS = "-Wselector";
			};
			name = Release;
		};
		837E28CE160EE14300017FFB /* Debug */ = {
			isa = XCBuildConfiguration;
			buildSettings = {
				GCC_PRECOMPILE_PREFIX_HEADER = YES;
				GCC_PREFIX_HEADER = "CMUnistrokeDemo/src/CMUnistrokeDemo-Prefix.pch";
				INFOPLIST_FILE = "CMUnistrokeDemo/CMUnistrokeDemo-Info.plist";
				PRODUCT_NAME = "$(TARGET_NAME)";
				WRAPPER_EXTENSION = app;
			};
			name = Debug;
		};
		837E28CF160EE14300017FFB /* Release */ = {
			isa = XCBuildConfiguration;
			buildSettings = {
				GCC_PRECOMPILE_PREFIX_HEADER = YES;
				GCC_PREFIX_HEADER = "CMUnistrokeDemo/src/CMUnistrokeDemo-Prefix.pch";
				INFOPLIST_FILE = "CMUnistrokeDemo/CMUnistrokeDemo-Info.plist";
				PRODUCT_NAME = "$(TARGET_NAME)";
				WRAPPER_EXTENSION = app;
			};
			name = Release;
		};
/* End XCBuildConfiguration section */

/* Begin XCConfigurationList section */
		837E28A0160EE14300017FFB /* Build configuration list for PBXProject "CMUnistrokeDemo" */ = {
			isa = XCConfigurationList;
			buildConfigurations = (
				837E28CB160EE14300017FFB /* Debug */,
				837E28CC160EE14300017FFB /* Release */,
			);
			defaultConfigurationIsVisible = 0;
			defaultConfigurationName = Release;
		};
		837E28CD160EE14300017FFB /* Build configuration list for PBXNativeTarget "CMUnistrokeDemo" */ = {
			isa = XCConfigurationList;
			buildConfigurations = (
				837E28CE160EE14300017FFB /* Debug */,
				837E28CF160EE14300017FFB /* Release */,
			);
			defaultConfigurationIsVisible = 0;
			defaultConfigurationName = Release;
		};
/* End XCConfigurationList section */
	};
	rootObject = 837E289D160EE14300017FFB /* Project object */;
}
